<?xml version="1.0" encoding="utf-8"?>
<Project ToolsVersion="4.0" xmlns="http://schemas.microsoft.com/developer/msbuild/2003">
  <ItemGroup>
    <Filter Include="Header Files">
      <UniqueIdentifier>{93995380-89BD-4b04-88EB-625FBE52EBFB}</UniqueIdentifier>
      <Extensions>h;hh;hpp;hxx;h++;hm;inl;inc;ipp;xsd</Extensions>
    </Filter>
    <Filter Include="Resource Files">
      <UniqueIdentifier>{67DA6AB6-F800-4c08-8B7A-83BB121AAD01}</UniqueIdentifier>
      <Extensions>rc;ico;cur;bmp;dlg;rc2;rct;bin;rgs;gif;jpg;jpeg;jpe;resx;tiff;tif;png;wav;mfcribbon-ms</Extensions>
    </Filter>
    <Filter Include="Resource Files\Shaders">
      <UniqueIdentifier>{208d8e44-d026-49ff-895c-7a8d1dc01391}</UniqueIdentifier>
    </Filter>
    <Filter Include="Resource Files\Textures">
      <UniqueIdentifier>{612dda05-9553-41da-a72b-6b2944df1a77}</UniqueIdentifier>
    </Filter>
    <Filter Include="Source Files">
      <UniqueIdentifier>{2bed17be-82fd-4632-9ddf-b43df0f596bc}</UniqueIdentifier>
    </Filter>
  </ItemGroup>
  <ItemGroup>
    <Image Include="grass_block_bottom.jpg">
      <Filter>Resource Files\Textures</Filter>
    </Image>
    <Image Include="grass_block_side.jpg">
      <Filter>Resource Files\Textures</Filter>
    </Image>
    <Image Include="grass_block_top.jpg">
      <Filter>Resource Files\Textures</Filter>
    </Image>
    <Image Include="planks.png">
      <Filter>Resource Files\Textures</Filter>
    </Image>
    <Image Include="planksSpec.png">
      <Filter>Resource Files\Textures</Filter>
    </Image>
    <Image Include="texture_atlas.png">
      <Filter>Resource Files\Textures</Filter>
    </Image>
    <Image Include="Resources\Textures\lambert4SG_baseColor.png">
      <Filter>Resource Files\Textures</Filter>
    </Image>
  </ItemGroup>
  <ItemGroup>
    <None Include="Resources\Shaders\fragment\default.frag">
      <Filter>Resource Files\Shaders</Filter>
    </None>
    <None Include="Resources\Shaders\fragment\light.frag">
      <Filter>Resource Files\Shaders</Filter>
    </None>
    <None Include="Resources\Shaders\vertex\default.vert">
      <Filter>Resource Files\Shaders</Filter>
    </None>
    <None Include="Resources\Shaders\vertex\light.vert">
      <Filter>Resource Files\Shaders</Filter>
    </None>
  </ItemGroup>
  <ItemGroup>
    <ClCompile Include="src\deps\glad.c">
      <Filter>Source Files</Filter>
    </ClCompile>
    <ClCompile Include="src\deps\stb.cpp">
      <Filter>Source Files</Filter>
    </ClCompile>
    <ClCompile Include="src\gfx\EBO.cpp">
      <Filter>Source Files</Filter>
    </ClCompile>
    <ClCompile Include="src\gfx\Mesh.cpp">
      <Filter>Source Files</Filter>
    </ClCompile>
    <ClCompile Include="src\gfx\Model.cpp">
      <Filter>Source Files</Filter>
    </ClCompile>
    <ClCompile Include="src\gfx\Shader.cpp">
      <Filter>Source Files</Filter>
    </ClCompile>
    <ClCompile Include="src\gfx\Texture.cpp">
      <Filter>Source Files</Filter>
    </ClCompile>
    <ClCompile Include="src\gfx\VAO.cpp">
      <Filter>Source Files</Filter>
    </ClCompile>
    <ClCompile Include="src\gfx\VBO.cpp">
      <Filter>Source Files</Filter>
    </ClCompile>
    <ClCompile Include="src\Camera.cpp">
      <Filter>Source Files</Filter>
    </ClCompile>
    <ClCompile Include="src\Main.cpp">
      <Filter>Source Files</Filter>
    </ClCompile>
    <ClCompile Include="src\core\Window.cpp">
      <Filter>Source Files</Filter>
    </ClCompile>
  </ItemGroup>
  <ItemGroup>
    <ClInclude Include="include\gfx\EBO.h">
      <Filter>Header Files</Filter>
    </ClInclude>
    <ClInclude Include="include\gfx\Mesh.h">
      <Filter>Header Files</Filter>
    </ClInclude>
    <ClInclude Include="include\gfx\Model.h">
      <Filter>Header Files</Filter>
    </ClInclude>
    <ClInclude Include="include\gfx\Shader.h">
      <Filter>Header Files</Filter>
    </ClInclude>
    <ClInclude Include="include\gfx\Texture.h">
      <Filter>Header Files</Filter>
    </ClInclude>
    <ClInclude Include="include\gfx\VAO.h">
      <Filter>Header Files</Filter>
    </ClInclude>
    <ClInclude Include="include\gfx\VBO.h">
      <Filter>Header Files</Filter>
    </ClInclude>
    <ClInclude Include="include\Camera.h">
      <Filter>Header Files</Filter>
    </ClInclude>
    <ClInclude Include="include\core\Window.h">
      <Filter>Header Files</Filter>
    </ClInclude>
    <ClInclude Include="include\core\Config.h">
      <Filter>Header Files</Filter>
    </ClInclude>
    <ClInclude Include="include\core\Core.h">
      <Filter>Header Files</Filter>
    </ClInclude>
  </ItemGroup>
</Project>